
Microsoft Visual Studio Solution File, Format Version 12.00
# Visual Studio Version 17
VisualStudioVersion = 17.0.31903.59
MinimumVisualStudioVersion = 10.0.40219.1
Project("{FAE04EC0-301F-11D3-BF4B-00C04F79EFBC}") = "WebApplication1", "WebApplication1\WebApplication1.csproj", "{B242364A-9C3E-4DBC-9DF5-1DA66EFA261D}"
EndProject
Project("{FAE04EC0-301F-11D3-BF4B-00C04F79EFBC}") = "WebApplication2", "WebApplication2\WebApplication2.csproj", "{E1D74F5B-4643-4E8E-9C39-076C325E5433}"
EndProject
Project("{FAE04EC0-301F-11D3-BF4B-00C04F79EFBC}") = "especiemandril", "especiemandril\especiemandril.csproj", "{AB1AFE8A-7EB8-4C58-B756-519793958F1F}"
EndProject
Global
	GlobalSection(SolutionConfigurationPlatforms) = preSolution
		Debug|Any CPU = Debug|Any CPU
		Debug|x64 = Debug|x64
		Debug|x86 = Debug|x86
		Release|Any CPU = Release|Any CPU
		Release|x64 = Release|x64
		Release|x86 = Release|x86
	EndGlobalSection
	GlobalSection(ProjectConfigurationPlatforms) = postSolution
		{B242364A-9C3E-4DBC-9DF5-1DA66EFA261D}.Debug|Any CPU.ActiveCfg = Debug|Any CPU
		{B242364A-9C3E-4DBC-9DF5-1DA66EFA261D}.Debug|Any CPU.Build.0 = Debug|Any CPU
		{B242364A-9C3E-4DBC-9DF5-1DA66EFA261D}.Debug|x64.ActiveCfg = Debug|Any CPU
		{B242364A-9C3E-4DBC-9DF5-1DA66EFA261D}.Debug|x64.Build.0 = Debug|Any CPU
		{B242364A-9C3E-4DBC-9DF5-1DA66EFA261D}.Debug|x86.ActiveCfg = Debug|Any CPU
		{B242364A-9C3E-4DBC-9DF5-1DA66EFA261D}.Debug|x86.Build.0 = Debug|Any CPU
		{B242364A-9C3E-4DBC-9DF5-1DA66EFA261D}.Release|Any CPU.ActiveCfg = Release|Any CPU
		{B242364A-9C3E-4DBC-9DF5-1DA66EFA261D}.Release|Any CPU.Build.0 = Release|Any CPU
		{B242364A-9C3E-4DBC-9DF5-1DA66EFA261D}.Release|x64.ActiveCfg = Release|Any CPU
		{B242364A-9C3E-4DBC-9DF5-1DA66EFA261D}.Release|x64.Build.0 = Release|Any CPU
		{B242364A-9C3E-4DBC-9DF5-1DA66EFA261D}.Release|x86.ActiveCfg = Release|Any CPU
		{B242364A-9C3E-4DBC-9DF5-1DA66EFA261D}.Release|x86.Build.0 = Release|Any CPU
		{E1D74F5B-4643-4E8E-9C39-076C325E5433}.Debug|Any CPU.ActiveCfg = Debug|Any CPU
		{E1D74F5B-4643-4E8E-9C39-076C325E5433}.Debug|Any CPU.Build.0 = Debug|Any CPU
		{E1D74F5B-4643-4E8E-9C39-076C325E5433}.Debug|x64.ActiveCfg = Debug|Any CPU
		{E1D74F5B-4643-4E8E-9C39-076C325E5433}.Debug|x64.Build.0 = Debug|Any CPU
		{E1D74F5B-4643-4E8E-9C39-076C325E5433}.Debug|x86.ActiveCfg = Debug|Any CPU
		{E1D74F5B-4643-4E8E-9C39-076C325E5433}.Debug|x86.Build.0 = Debug|Any CPU
		{E1D74F5B-4643-4E8E-9C39-076C325E5433}.Release|Any CPU.ActiveCfg = Release|Any CPU
		{E1D74F5B-4643-4E8E-9C39-076C325E5433}.Release|Any CPU.Build.0 = Release|Any CPU
		{E1D74F5B-4643-4E8E-9C39-076C325E5433}.Release|x64.ActiveCfg = Release|Any CPU
		{E1D74F5B-4643-4E8E-9C39-076C325E5433}.Release|x64.Build.0 = Release|Any CPU
		{E1D74F5B-4643-4E8E-9C39-076C325E5433}.Release|x86.ActiveCfg = Release|Any CPU
		{E1D74F5B-4643-4E8E-9C39-076C325E5433}.Release|x86.Build.0 = Release|Any CPU
		{AB1AFE8A-7EB8-4C58-B756-519793958F1F}.Debug|Any CPU.ActiveCfg = Debug|Any CPU
		{AB1AFE8A-7EB8-4C58-B756-519793958F1F}.Debug|Any CPU.Build.0 = Debug|Any CPU
		{AB1AFE8A-7EB8-4C58-B756-519793958F1F}.Debug|x64.ActiveCfg = Debug|Any CPU
		{AB1AFE8A-7EB8-4C58-B756-519793958F1F}.Debug|x64.Build.0 = Debug|Any CPU
		{AB1AFE8A-7EB8-4C58-B756-519793958F1F}.Debug|x86.ActiveCfg = Debug|Any CPU
		{AB1AFE8A-7EB8-4C58-B756-519793958F1F}.Debug|x86.Build.0 = Debug|Any CPU
		{AB1AFE8A-7EB8-4C58-B756-519793958F1F}.Release|Any CPU.ActiveCfg = Release|Any CPU
		{AB1AFE8A-7EB8-4C58-B756-519793958F1F}.Release|Any CPU.Build.0 = Release|Any CPU
		{AB1AFE8A-7EB8-4C58-B756-519793958F1F}.Release|x64.ActiveCfg = Release|Any CPU
		{AB1AFE8A-7EB8-4C58-B756-519793958F1F}.Release|x64.Build.0 = Release|Any CPU
		{AB1AFE8A-7EB8-4C58-B756-519793958F1F}.Release|x86.ActiveCfg = Release|Any CPU
		{AB1AFE8A-7EB8-4C58-B756-519793958F1F}.Release|x86.Build.0 = Release|Any CPU
	EndGlobalSection
	GlobalSection(SolutionProperties) = preSolution
		HideSolutionNode = FALSE
	EndGlobalSection
EndGlobal
